
Microsoft Visual Studio Solution File, Format Version 12.00
# Visual Studio Version 16
VisualStudioVersion = 16.0.31729.503
MinimumVisualStudioVersion = 10.0.40219.1
Project("{FAE04EC0-301F-11D3-BF4B-00C04F79EFBC}") = "ZahlenMinMax", "ZahlenMinMax\ZahlenMinMax.csproj", "{57EBD2A5-A543-409C-8E5C-2064AE4F2EF0}"
EndProject
Global
	GlobalSection(SolutionConfigurationPlatforms) = preSolution
		Debug|Any CPU = Debug|Any CPU
		Release|Any CPU = Release|Any CPU
	EndGlobalSection
	GlobalSection(ProjectConfigurationPlatforms) = postSolution
		{57EBD2A5-A543-409C-8E5C-2064AE4F2EF0}.Debug|Any CPU.ActiveCfg = Debug|Any CPU
		{57EBD2A5-A543-409C-8E5C-2064AE4F2EF0}.Debug|Any CPU.Build.0 = Debug|Any CPU
		{57EBD2A5-A543-409C-8E5C-2064AE4F2EF0}.Release|Any CPU.ActiveCfg = Release|Any CPU
		{57EBD2A5-A543-409C-8E5C-2064AE4F2EF0}.Release|Any CPU.Build.0 = Release|Any CPU
	EndGlobalSection
	GlobalSection(SolutionProperties) = preSolution
		HideSolutionNode = FALSE
	EndGlobalSection
	GlobalSection(ExtensibilityGlobals) = postSolution
		SolutionGuid = {C0653066-7154-43D5-AFA3-37D1F7C8EC09}
	EndGlobalSection
EndGlobal
