
Microsoft Visual Studio Solution File, Format Version 12.00
# Visual Studio Version 17
VisualStudioVersion = 17.0.32014.148
MinimumVisualStudioVersion = 10.0.40219.1
Project("{FAE04EC0-301F-11D3-BF4B-00C04F79EFBC}") = "WinProjekt", "WinProjekt\WinProjekt.csproj", "{DDB86E6C-E376-487D-8F55-194670FBE8AD}"
EndProject
Global
	GlobalSection(SolutionConfigurationPlatforms) = preSolution
		Debug|Any CPU = Debug|Any CPU
		Release|Any CPU = Release|Any CPU
	EndGlobalSection
	GlobalSection(ProjectConfigurationPlatforms) = postSolution
		{DDB86E6C-E376-487D-8F55-194670FBE8AD}.Debug|Any CPU.ActiveCfg = Debug|Any CPU
		{DDB86E6C-E376-487D-8F55-194670FBE8AD}.Debug|Any CPU.Build.0 = Debug|Any CPU
		{DDB86E6C-E376-487D-8F55-194670FBE8AD}.Release|Any CPU.ActiveCfg = Release|Any CPU
		{DDB86E6C-E376-487D-8F55-194670FBE8AD}.Release|Any CPU.Build.0 = Release|Any CPU
	EndGlobalSection
	GlobalSection(SolutionProperties) = preSolution
		HideSolutionNode = FALSE
	EndGlobalSection
	GlobalSection(ExtensibilityGlobals) = postSolution
		SolutionGuid = {E4784E07-A60B-434C-BE3B-3DE91F00FAF1}
	EndGlobalSection
EndGlobal
