
Microsoft Visual Studio Solution File, Format Version 12.00
# Visual Studio Version 17
VisualStudioVersion = 17.0.32014.148
MinimumVisualStudioVersion = 10.0.40219.1
Project("{FAE04EC0-301F-11D3-BF4B-00C04F79EFBC}") = "WinSteuerElemente", "WinSteuerElemente\WinSteuerElemente.csproj", "{1E820707-A718-4E81-B1B9-68299D949429}"
EndProject
Global
	GlobalSection(SolutionConfigurationPlatforms) = preSolution
		Debug|Any CPU = Debug|Any CPU
		Release|Any CPU = Release|Any CPU
	EndGlobalSection
	GlobalSection(ProjectConfigurationPlatforms) = postSolution
		{1E820707-A718-4E81-B1B9-68299D949429}.Debug|Any CPU.ActiveCfg = Debug|Any CPU
		{1E820707-A718-4E81-B1B9-68299D949429}.Debug|Any CPU.Build.0 = Debug|Any CPU
		{1E820707-A718-4E81-B1B9-68299D949429}.Release|Any CPU.ActiveCfg = Release|Any CPU
		{1E820707-A718-4E81-B1B9-68299D949429}.Release|Any CPU.Build.0 = Release|Any CPU
	EndGlobalSection
	GlobalSection(SolutionProperties) = preSolution
		HideSolutionNode = FALSE
	EndGlobalSection
	GlobalSection(ExtensibilityGlobals) = postSolution
		SolutionGuid = {C57A6CF6-CFFF-4D7E-BD03-9D756E08F16E}
	EndGlobalSection
EndGlobal
