
Microsoft Visual Studio Solution File, Format Version 12.00
# Visual Studio Version 16
VisualStudioVersion = 16.0.31205.134
MinimumVisualStudioVersion = 10.0.40219.1
Project("{FAE04EC0-301F-11D3-BF4B-00C04F79EFBC}") = "WinSettings", "WinSettings\WinSettings.csproj", "{6DE90C95-2E0E-4E1A-9A02-4364FEC8FF72}"
EndProject
Global
	GlobalSection(SolutionConfigurationPlatforms) = preSolution
		Debug|Any CPU = Debug|Any CPU
		Release|Any CPU = Release|Any CPU
	EndGlobalSection
	GlobalSection(ProjectConfigurationPlatforms) = postSolution
		{6DE90C95-2E0E-4E1A-9A02-4364FEC8FF72}.Debug|Any CPU.ActiveCfg = Debug|Any CPU
		{6DE90C95-2E0E-4E1A-9A02-4364FEC8FF72}.Debug|Any CPU.Build.0 = Debug|Any CPU
		{6DE90C95-2E0E-4E1A-9A02-4364FEC8FF72}.Release|Any CPU.ActiveCfg = Release|Any CPU
		{6DE90C95-2E0E-4E1A-9A02-4364FEC8FF72}.Release|Any CPU.Build.0 = Release|Any CPU
	EndGlobalSection
	GlobalSection(SolutionProperties) = preSolution
		HideSolutionNode = FALSE
	EndGlobalSection
	GlobalSection(ExtensibilityGlobals) = postSolution
		SolutionGuid = {0714B192-AA90-4081-83FA-9EA3F4E25B3A}
	EndGlobalSection
EndGlobal
