
Microsoft Visual Studio Solution File, Format Version 12.00
# Visual Studio Version 16
VisualStudioVersion = 16.0.31729.503
MinimumVisualStudioVersion = 10.0.40219.1
Project("{FAE04EC0-301F-11D3-BF4B-00C04F79EFBC}") = "WinEvents", "WinEvents\WinEvents.csproj", "{3BFF9BB1-AD79-44EE-9AE0-3B67D0F08EF1}"
EndProject
Global
	GlobalSection(SolutionConfigurationPlatforms) = preSolution
		Debug|Any CPU = Debug|Any CPU
		Release|Any CPU = Release|Any CPU
	EndGlobalSection
	GlobalSection(ProjectConfigurationPlatforms) = postSolution
		{3BFF9BB1-AD79-44EE-9AE0-3B67D0F08EF1}.Debug|Any CPU.ActiveCfg = Debug|Any CPU
		{3BFF9BB1-AD79-44EE-9AE0-3B67D0F08EF1}.Debug|Any CPU.Build.0 = Debug|Any CPU
		{3BFF9BB1-AD79-44EE-9AE0-3B67D0F08EF1}.Release|Any CPU.ActiveCfg = Release|Any CPU
		{3BFF9BB1-AD79-44EE-9AE0-3B67D0F08EF1}.Release|Any CPU.Build.0 = Release|Any CPU
	EndGlobalSection
	GlobalSection(SolutionProperties) = preSolution
		HideSolutionNode = FALSE
	EndGlobalSection
	GlobalSection(ExtensibilityGlobals) = postSolution
		SolutionGuid = {F1319C6F-BE89-4EC9-BBB8-BF90929C4BFA}
	EndGlobalSection
EndGlobal
