
Microsoft Visual Studio Solution File, Format Version 12.00
# Visual Studio Version 17
VisualStudioVersion = 17.0.32002.185
MinimumVisualStudioVersion = 10.0.40219.1
Project("{FAE04EC0-301F-11D3-BF4B-00C04F79EFBC}") = "WinIocTest", "WinIocTest\WinIocTest.csproj", "{ACFDA64D-CA49-41D9-94C1-8CCFD285106A}"
EndProject
Project("{2150E333-8FDC-42A3-9474-1A3956D46DE8}") = "00Tests", "00Tests", "{534D09BB-57F4-4971-98C7-EB1C5CCE6B94}"
EndProject
Project("{FAE04EC0-301F-11D3-BF4B-00C04F79EFBC}") = "WpfStarter", "WpfStarter\WpfStarter.csproj", "{4C6C0E45-5AA9-4D0A-8DA6-F383B2843F5F}"
EndProject
Project("{FAE04EC0-301F-11D3-BF4B-00C04F79EFBC}") = "Roenfeld.Gui.WinForms", "Roenfeld.Gui.WinForms\Roenfeld.Gui.WinForms.csproj", "{D3E3CEF5-37C6-44DB-ADDB-50736A8951FB}"
EndProject
Project("{2150E333-8FDC-42A3-9474-1A3956D46DE8}") = "GUI", "GUI", "{FAC05A1A-86B7-41D8-BA2E-FB829D1C41EF}"
EndProject
Project("{FAE04EC0-301F-11D3-BF4B-00C04F79EFBC}") = "WinFormsStarter", "WinFormsStarter\WinFormsStarter.csproj", "{170C0888-B85A-4AD3-B75D-38FCD4643E4A}"
EndProject
Project("{FAE04EC0-301F-11D3-BF4B-00C04F79EFBC}") = "Roenfeld.Dependency", "Roenfeld.Dependency\Roenfeld.Dependency.csproj", "{7C667041-8745-44EE-90E3-7AA99A41997F}"
EndProject
Project("{2150E333-8FDC-42A3-9474-1A3956D46DE8}") = "AllwaysNeeded", "AllwaysNeeded", "{6F367805-CE95-4FDC-86DA-7A90FA21A781}"
EndProject
Project("{FAE04EC0-301F-11D3-BF4B-00C04F79EFBC}") = "Roenfeld.Interfaces", "Roenfeld.Interfaces\Roenfeld.Interfaces.csproj", "{D70D4B81-3B4B-4B26-A8CC-9B1C67AB0CCB}"
EndProject
Project("{FAE04EC0-301F-11D3-BF4B-00C04F79EFBC}") = "Roenfeld.Data", "Roenfeld.Data\Roenfeld.Data.csproj", "{C413DEFA-7770-4CCA-BBDC-DA3918645FAA}"
EndProject
Global
	GlobalSection(SolutionConfigurationPlatforms) = preSolution
		Debug|Any CPU = Debug|Any CPU
		Release|Any CPU = Release|Any CPU
	EndGlobalSection
	GlobalSection(ProjectConfigurationPlatforms) = postSolution
		{ACFDA64D-CA49-41D9-94C1-8CCFD285106A}.Debug|Any CPU.ActiveCfg = Debug|Any CPU
		{ACFDA64D-CA49-41D9-94C1-8CCFD285106A}.Debug|Any CPU.Build.0 = Debug|Any CPU
		{ACFDA64D-CA49-41D9-94C1-8CCFD285106A}.Release|Any CPU.ActiveCfg = Release|Any CPU
		{ACFDA64D-CA49-41D9-94C1-8CCFD285106A}.Release|Any CPU.Build.0 = Release|Any CPU
		{4C6C0E45-5AA9-4D0A-8DA6-F383B2843F5F}.Debug|Any CPU.ActiveCfg = Debug|Any CPU
		{4C6C0E45-5AA9-4D0A-8DA6-F383B2843F5F}.Debug|Any CPU.Build.0 = Debug|Any CPU
		{4C6C0E45-5AA9-4D0A-8DA6-F383B2843F5F}.Release|Any CPU.ActiveCfg = Release|Any CPU
		{4C6C0E45-5AA9-4D0A-8DA6-F383B2843F5F}.Release|Any CPU.Build.0 = Release|Any CPU
		{D3E3CEF5-37C6-44DB-ADDB-50736A8951FB}.Debug|Any CPU.ActiveCfg = Debug|Any CPU
		{D3E3CEF5-37C6-44DB-ADDB-50736A8951FB}.Debug|Any CPU.Build.0 = Debug|Any CPU
		{D3E3CEF5-37C6-44DB-ADDB-50736A8951FB}.Release|Any CPU.ActiveCfg = Release|Any CPU
		{D3E3CEF5-37C6-44DB-ADDB-50736A8951FB}.Release|Any CPU.Build.0 = Release|Any CPU
		{170C0888-B85A-4AD3-B75D-38FCD4643E4A}.Debug|Any CPU.ActiveCfg = Debug|Any CPU
		{170C0888-B85A-4AD3-B75D-38FCD4643E4A}.Debug|Any CPU.Build.0 = Debug|Any CPU
		{170C0888-B85A-4AD3-B75D-38FCD4643E4A}.Release|Any CPU.ActiveCfg = Release|Any CPU
		{170C0888-B85A-4AD3-B75D-38FCD4643E4A}.Release|Any CPU.Build.0 = Release|Any CPU
		{7C667041-8745-44EE-90E3-7AA99A41997F}.Debug|Any CPU.ActiveCfg = Debug|Any CPU
		{7C667041-8745-44EE-90E3-7AA99A41997F}.Debug|Any CPU.Build.0 = Debug|Any CPU
		{7C667041-8745-44EE-90E3-7AA99A41997F}.Release|Any CPU.ActiveCfg = Release|Any CPU
		{7C667041-8745-44EE-90E3-7AA99A41997F}.Release|Any CPU.Build.0 = Release|Any CPU
		{D70D4B81-3B4B-4B26-A8CC-9B1C67AB0CCB}.Debug|Any CPU.ActiveCfg = Debug|Any CPU
		{D70D4B81-3B4B-4B26-A8CC-9B1C67AB0CCB}.Debug|Any CPU.Build.0 = Debug|Any CPU
		{D70D4B81-3B4B-4B26-A8CC-9B1C67AB0CCB}.Release|Any CPU.ActiveCfg = Release|Any CPU
		{D70D4B81-3B4B-4B26-A8CC-9B1C67AB0CCB}.Release|Any CPU.Build.0 = Release|Any CPU
		{C413DEFA-7770-4CCA-BBDC-DA3918645FAA}.Debug|Any CPU.ActiveCfg = Debug|Any CPU
		{C413DEFA-7770-4CCA-BBDC-DA3918645FAA}.Debug|Any CPU.Build.0 = Debug|Any CPU
		{C413DEFA-7770-4CCA-BBDC-DA3918645FAA}.Release|Any CPU.ActiveCfg = Release|Any CPU
		{C413DEFA-7770-4CCA-BBDC-DA3918645FAA}.Release|Any CPU.Build.0 = Release|Any CPU
	EndGlobalSection
	GlobalSection(SolutionProperties) = preSolution
		HideSolutionNode = FALSE
	EndGlobalSection
	GlobalSection(NestedProjects) = preSolution
		{ACFDA64D-CA49-41D9-94C1-8CCFD285106A} = {534D09BB-57F4-4971-98C7-EB1C5CCE6B94}
		{4C6C0E45-5AA9-4D0A-8DA6-F383B2843F5F} = {534D09BB-57F4-4971-98C7-EB1C5CCE6B94}
		{D3E3CEF5-37C6-44DB-ADDB-50736A8951FB} = {FAC05A1A-86B7-41D8-BA2E-FB829D1C41EF}
		{170C0888-B85A-4AD3-B75D-38FCD4643E4A} = {534D09BB-57F4-4971-98C7-EB1C5CCE6B94}
		{7C667041-8745-44EE-90E3-7AA99A41997F} = {6F367805-CE95-4FDC-86DA-7A90FA21A781}
		{D70D4B81-3B4B-4B26-A8CC-9B1C67AB0CCB} = {6F367805-CE95-4FDC-86DA-7A90FA21A781}
		{C413DEFA-7770-4CCA-BBDC-DA3918645FAA} = {6F367805-CE95-4FDC-86DA-7A90FA21A781}
	EndGlobalSection
	GlobalSection(ExtensibilityGlobals) = postSolution
		SolutionGuid = {DA5EB432-8A1E-4C67-8035-6116059100AB}
	EndGlobalSection
EndGlobal
