
Microsoft Visual Studio Solution File, Format Version 12.00
# Visual Studio Version 16
VisualStudioVersion = 16.0.31205.134
MinimumVisualStudioVersion = 10.0.40219.1
Project("{FAE04EC0-301F-11D3-BF4B-00C04F79EFBC}") = "WinSpeech", "WinSpeech\WinSpeech.csproj", "{B9E60CEB-D851-4C9D-9CE3-F7B68A051261}"
EndProject
Global
	GlobalSection(SolutionConfigurationPlatforms) = preSolution
		Debug|Any CPU = Debug|Any CPU
		Release|Any CPU = Release|Any CPU
	EndGlobalSection
	GlobalSection(ProjectConfigurationPlatforms) = postSolution
		{B9E60CEB-D851-4C9D-9CE3-F7B68A051261}.Debug|Any CPU.ActiveCfg = Debug|Any CPU
		{B9E60CEB-D851-4C9D-9CE3-F7B68A051261}.Debug|Any CPU.Build.0 = Debug|Any CPU
		{B9E60CEB-D851-4C9D-9CE3-F7B68A051261}.Release|Any CPU.ActiveCfg = Release|Any CPU
		{B9E60CEB-D851-4C9D-9CE3-F7B68A051261}.Release|Any CPU.Build.0 = Release|Any CPU
	EndGlobalSection
	GlobalSection(SolutionProperties) = preSolution
		HideSolutionNode = FALSE
	EndGlobalSection
	GlobalSection(ExtensibilityGlobals) = postSolution
		SolutionGuid = {C68EDCC8-7F0B-4143-A796-A38449C2899E}
	EndGlobalSection
EndGlobal
