
Microsoft Visual Studio Solution File, Format Version 12.00
# Visual Studio Version 16
VisualStudioVersion = 16.0.31019.35
MinimumVisualStudioVersion = 10.0.40219.1
Project("{FAE04EC0-301F-11D3-BF4B-00C04F79EFBC}") = "ConHelloWorld", "ConHelloWorld\ConHelloWorld.csproj", "{3EC6921C-24A3-409B-9838-88B226866AFC}"
EndProject
Global
	GlobalSection(SolutionConfigurationPlatforms) = preSolution
		Debug|Any CPU = Debug|Any CPU
		Release|Any CPU = Release|Any CPU
	EndGlobalSection
	GlobalSection(ProjectConfigurationPlatforms) = postSolution
		{3EC6921C-24A3-409B-9838-88B226866AFC}.Debug|Any CPU.ActiveCfg = Debug|Any CPU
		{3EC6921C-24A3-409B-9838-88B226866AFC}.Debug|Any CPU.Build.0 = Debug|Any CPU
		{3EC6921C-24A3-409B-9838-88B226866AFC}.Release|Any CPU.ActiveCfg = Release|Any CPU
		{3EC6921C-24A3-409B-9838-88B226866AFC}.Release|Any CPU.Build.0 = Release|Any CPU
	EndGlobalSection
	GlobalSection(SolutionProperties) = preSolution
		HideSolutionNode = FALSE
	EndGlobalSection
	GlobalSection(ExtensibilityGlobals) = postSolution
		SolutionGuid = {7CBFCB37-9665-40D3-9177-8E557A6E0B13}
	EndGlobalSection
EndGlobal
