
Microsoft Visual Studio Solution File, Format Version 12.00
# Visual Studio Version 17
VisualStudioVersion = 17.0.32014.148
MinimumVisualStudioVersion = 10.0.40219.1
Project("{FAE04EC0-301F-11D3-BF4B-00C04F79EFBC}") = "BBRZ.DAL", "BBRZ.DAL\BBRZ.DAL.csproj", "{1F703167-FE83-4445-AD08-5C0D3CA312EE}"
EndProject
Project("{2150E333-8FDC-42A3-9474-1A3956D46DE8}") = "Testing", "Testing", "{2791EFC2-28A3-479B-B5B6-C002815056E2}"
EndProject
Project("{FAE04EC0-301F-11D3-BF4B-00C04F79EFBC}") = "UnitTestDAL", "UnitTestDAL\UnitTestDAL.csproj", "{EBCC8A48-C9B7-4955-8D27-9F758D1B6C7C}"
EndProject
Project("{FAE04EC0-301F-11D3-BF4B-00C04F79EFBC}") = "WinCodersBayDAL", "WinCodersBayDAL\WinCodersBayDAL.csproj", "{DBC4C2B3-682F-4E84-AACF-0EE1DC5B3344}"
EndProject
Project("{FAE04EC0-301F-11D3-BF4B-00C04F79EFBC}") = "WpfApp", "WpfApp\WpfApp.csproj", "{C8E0C884-BC39-40D7-92CF-29136CE65D77}"
EndProject
Global
	GlobalSection(SolutionConfigurationPlatforms) = preSolution
		Debug|Any CPU = Debug|Any CPU
		Release|Any CPU = Release|Any CPU
	EndGlobalSection
	GlobalSection(ProjectConfigurationPlatforms) = postSolution
		{1F703167-FE83-4445-AD08-5C0D3CA312EE}.Debug|Any CPU.ActiveCfg = Debug|Any CPU
		{1F703167-FE83-4445-AD08-5C0D3CA312EE}.Debug|Any CPU.Build.0 = Debug|Any CPU
		{1F703167-FE83-4445-AD08-5C0D3CA312EE}.Release|Any CPU.ActiveCfg = Release|Any CPU
		{1F703167-FE83-4445-AD08-5C0D3CA312EE}.Release|Any CPU.Build.0 = Release|Any CPU
		{EBCC8A48-C9B7-4955-8D27-9F758D1B6C7C}.Debug|Any CPU.ActiveCfg = Debug|Any CPU
		{EBCC8A48-C9B7-4955-8D27-9F758D1B6C7C}.Debug|Any CPU.Build.0 = Debug|Any CPU
		{EBCC8A48-C9B7-4955-8D27-9F758D1B6C7C}.Release|Any CPU.ActiveCfg = Release|Any CPU
		{EBCC8A48-C9B7-4955-8D27-9F758D1B6C7C}.Release|Any CPU.Build.0 = Release|Any CPU
		{DBC4C2B3-682F-4E84-AACF-0EE1DC5B3344}.Debug|Any CPU.ActiveCfg = Debug|Any CPU
		{DBC4C2B3-682F-4E84-AACF-0EE1DC5B3344}.Debug|Any CPU.Build.0 = Debug|Any CPU
		{DBC4C2B3-682F-4E84-AACF-0EE1DC5B3344}.Release|Any CPU.ActiveCfg = Release|Any CPU
		{DBC4C2B3-682F-4E84-AACF-0EE1DC5B3344}.Release|Any CPU.Build.0 = Release|Any CPU
		{C8E0C884-BC39-40D7-92CF-29136CE65D77}.Debug|Any CPU.ActiveCfg = Debug|Any CPU
		{C8E0C884-BC39-40D7-92CF-29136CE65D77}.Debug|Any CPU.Build.0 = Debug|Any CPU
		{C8E0C884-BC39-40D7-92CF-29136CE65D77}.Release|Any CPU.ActiveCfg = Release|Any CPU
		{C8E0C884-BC39-40D7-92CF-29136CE65D77}.Release|Any CPU.Build.0 = Release|Any CPU
	EndGlobalSection
	GlobalSection(SolutionProperties) = preSolution
		HideSolutionNode = FALSE
	EndGlobalSection
	GlobalSection(NestedProjects) = preSolution
		{EBCC8A48-C9B7-4955-8D27-9F758D1B6C7C} = {2791EFC2-28A3-479B-B5B6-C002815056E2}
	EndGlobalSection
	GlobalSection(ExtensibilityGlobals) = postSolution
		SolutionGuid = {9E423CA3-C7AE-44AB-A016-B2139D9BB28F}
	EndGlobalSection
EndGlobal
