
Microsoft Visual Studio Solution File, Format Version 12.00
# Visual Studio Version 16
VisualStudioVersion = 16.0.31112.23
MinimumVisualStudioVersion = 10.0.40219.1
Project("{FAE04EC0-301F-11D3-BF4B-00C04F79EFBC}") = "WindowsFormsApp1", "WindowsFormsApp1\WindowsFormsApp1.csproj", "{BA25ADBD-FC66-4422-BAD2-A6250A52793E}"
EndProject
Global
	GlobalSection(SolutionConfigurationPlatforms) = preSolution
		Debug|Any CPU = Debug|Any CPU
		Release|Any CPU = Release|Any CPU
	EndGlobalSection
	GlobalSection(ProjectConfigurationPlatforms) = postSolution
		{BA25ADBD-FC66-4422-BAD2-A6250A52793E}.Debug|Any CPU.ActiveCfg = Debug|Any CPU
		{BA25ADBD-FC66-4422-BAD2-A6250A52793E}.Debug|Any CPU.Build.0 = Debug|Any CPU
		{BA25ADBD-FC66-4422-BAD2-A6250A52793E}.Release|Any CPU.ActiveCfg = Release|Any CPU
		{BA25ADBD-FC66-4422-BAD2-A6250A52793E}.Release|Any CPU.Build.0 = Release|Any CPU
	EndGlobalSection
	GlobalSection(SolutionProperties) = preSolution
		HideSolutionNode = FALSE
	EndGlobalSection
	GlobalSection(ExtensibilityGlobals) = postSolution
		SolutionGuid = {79799535-5E01-4A7D-848C-3812360939F4}
	EndGlobalSection
EndGlobal
