
Microsoft Visual Studio Solution File, Format Version 12.00
# Visual Studio Version 16
VisualStudioVersion = 16.0.31313.79
MinimumVisualStudioVersion = 10.0.40219.1
Project("{FAE04EC0-301F-11D3-BF4B-00C04F79EFBC}") = "WinArrays", "WinArrays\WinArrays.csproj", "{0502E317-9513-4ECD-970F-7A0AF8DD808C}"
EndProject
Global
	GlobalSection(SolutionConfigurationPlatforms) = preSolution
		Debug|Any CPU = Debug|Any CPU
		Release|Any CPU = Release|Any CPU
	EndGlobalSection
	GlobalSection(ProjectConfigurationPlatforms) = postSolution
		{0502E317-9513-4ECD-970F-7A0AF8DD808C}.Debug|Any CPU.ActiveCfg = Debug|Any CPU
		{0502E317-9513-4ECD-970F-7A0AF8DD808C}.Debug|Any CPU.Build.0 = Debug|Any CPU
		{0502E317-9513-4ECD-970F-7A0AF8DD808C}.Release|Any CPU.ActiveCfg = Release|Any CPU
		{0502E317-9513-4ECD-970F-7A0AF8DD808C}.Release|Any CPU.Build.0 = Release|Any CPU
	EndGlobalSection
	GlobalSection(SolutionProperties) = preSolution
		HideSolutionNode = FALSE
	EndGlobalSection
	GlobalSection(ExtensibilityGlobals) = postSolution
		SolutionGuid = {BDD997E0-6C6C-4BDE-A6B6-FF33AB8EE665}
	EndGlobalSection
EndGlobal
