
Microsoft Visual Studio Solution File, Format Version 12.00
# Visual Studio Version 17
VisualStudioVersion = 17.0.32014.148
MinimumVisualStudioVersion = 10.0.40219.1
Project("{FAE04EC0-301F-11D3-BF4B-00C04F79EFBC}") = "BmiPerfect", "BmiPerfect\BmiPerfect.csproj", "{E8E3805C-50B3-4351-A393-BCECFEBAE6C9}"
EndProject
Project("{FAE04EC0-301F-11D3-BF4B-00C04F79EFBC}") = "BmiLib", "BmiLib\BmiLib.csproj", "{A5B12781-A1EE-4F96-98D8-9A2365EE491E}"
EndProject
Project("{FAE04EC0-301F-11D3-BF4B-00C04F79EFBC}") = "BmiWPF", "BmiWPF\BmiWPF.csproj", "{45332CDA-5832-42BE-8113-326276C0A913}"
EndProject
Project("{FAE04EC0-301F-11D3-BF4B-00C04F79EFBC}") = "BmiRechnerV1", "BmiRechnerV1\BmiRechnerV1.csproj", "{BDE1D144-7B12-4610-A57C-8A9A1298D363}"
EndProject
Project("{2150E333-8FDC-42A3-9474-1A3956D46DE8}") = "V1", "V1", "{8D0837E8-8941-4FB9-A891-5C758827B7BE}"
EndProject
Project("{2150E333-8FDC-42A3-9474-1A3956D46DE8}") = "V2", "V2", "{B2D0EF93-EBE6-4082-A894-EA13D7019148}"
EndProject
Project("{2150E333-8FDC-42A3-9474-1A3956D46DE8}") = "Vxx", "Vxx", "{520AABC0-E6CF-4D37-B3D7-92E809B45999}"
EndProject
Project("{FAE04EC0-301F-11D3-BF4B-00C04F79EFBC}") = "ToDoListe", "ToDoListe\ToDoListe.csproj", "{FB207C9B-71D6-44E6-AF7A-C5F47DFAF9E0}"
EndProject
Project("{FAE04EC0-301F-11D3-BF4B-00C04F79EFBC}") = "BmiRechnerV0", "BmiRechnerV0\BmiRechnerV0.csproj", "{E566743E-27A6-428A-9BB8-3C204712BC03}"
EndProject
Project("{FAE04EC0-301F-11D3-BF4B-00C04F79EFBC}") = "BmiRechnerV2", "BmiRechnerV2\BmiRechnerV2.csproj", "{479353B2-B5B4-4541-9E6B-91AE25FABF4A}"
EndProject
Project("{FAE04EC0-301F-11D3-BF4B-00C04F79EFBC}") = "Roenfeld.Utils", "Roenfeld.Utils\Roenfeld.Utils.csproj", "{936E2799-F1B7-4C5B-9605-71F952425907}"
EndProject
Project("{FAE04EC0-301F-11D3-BF4B-00C04F79EFBC}") = "UnitTestProject1", "UnitTestProject1\UnitTestProject1.csproj", "{9F7620A0-3F32-4216-96D3-5813F80F3B7F}"
EndProject
Global
	GlobalSection(SolutionConfigurationPlatforms) = preSolution
		Debug|Any CPU = Debug|Any CPU
		Release|Any CPU = Release|Any CPU
	EndGlobalSection
	GlobalSection(ProjectConfigurationPlatforms) = postSolution
		{E8E3805C-50B3-4351-A393-BCECFEBAE6C9}.Debug|Any CPU.ActiveCfg = Debug|Any CPU
		{E8E3805C-50B3-4351-A393-BCECFEBAE6C9}.Debug|Any CPU.Build.0 = Debug|Any CPU
		{E8E3805C-50B3-4351-A393-BCECFEBAE6C9}.Release|Any CPU.ActiveCfg = Release|Any CPU
		{E8E3805C-50B3-4351-A393-BCECFEBAE6C9}.Release|Any CPU.Build.0 = Release|Any CPU
		{A5B12781-A1EE-4F96-98D8-9A2365EE491E}.Debug|Any CPU.ActiveCfg = Debug|Any CPU
		{A5B12781-A1EE-4F96-98D8-9A2365EE491E}.Debug|Any CPU.Build.0 = Debug|Any CPU
		{A5B12781-A1EE-4F96-98D8-9A2365EE491E}.Release|Any CPU.ActiveCfg = Release|Any CPU
		{A5B12781-A1EE-4F96-98D8-9A2365EE491E}.Release|Any CPU.Build.0 = Release|Any CPU
		{45332CDA-5832-42BE-8113-326276C0A913}.Debug|Any CPU.ActiveCfg = Debug|Any CPU
		{45332CDA-5832-42BE-8113-326276C0A913}.Debug|Any CPU.Build.0 = Debug|Any CPU
		{45332CDA-5832-42BE-8113-326276C0A913}.Release|Any CPU.ActiveCfg = Release|Any CPU
		{45332CDA-5832-42BE-8113-326276C0A913}.Release|Any CPU.Build.0 = Release|Any CPU
		{BDE1D144-7B12-4610-A57C-8A9A1298D363}.Debug|Any CPU.ActiveCfg = Debug|Any CPU
		{BDE1D144-7B12-4610-A57C-8A9A1298D363}.Debug|Any CPU.Build.0 = Debug|Any CPU
		{BDE1D144-7B12-4610-A57C-8A9A1298D363}.Release|Any CPU.ActiveCfg = Release|Any CPU
		{BDE1D144-7B12-4610-A57C-8A9A1298D363}.Release|Any CPU.Build.0 = Release|Any CPU
		{FB207C9B-71D6-44E6-AF7A-C5F47DFAF9E0}.Debug|Any CPU.ActiveCfg = Debug|Any CPU
		{FB207C9B-71D6-44E6-AF7A-C5F47DFAF9E0}.Debug|Any CPU.Build.0 = Debug|Any CPU
		{FB207C9B-71D6-44E6-AF7A-C5F47DFAF9E0}.Release|Any CPU.ActiveCfg = Release|Any CPU
		{FB207C9B-71D6-44E6-AF7A-C5F47DFAF9E0}.Release|Any CPU.Build.0 = Release|Any CPU
		{E566743E-27A6-428A-9BB8-3C204712BC03}.Debug|Any CPU.ActiveCfg = Debug|Any CPU
		{E566743E-27A6-428A-9BB8-3C204712BC03}.Debug|Any CPU.Build.0 = Debug|Any CPU
		{E566743E-27A6-428A-9BB8-3C204712BC03}.Release|Any CPU.ActiveCfg = Release|Any CPU
		{E566743E-27A6-428A-9BB8-3C204712BC03}.Release|Any CPU.Build.0 = Release|Any CPU
		{479353B2-B5B4-4541-9E6B-91AE25FABF4A}.Debug|Any CPU.ActiveCfg = Debug|Any CPU
		{479353B2-B5B4-4541-9E6B-91AE25FABF4A}.Debug|Any CPU.Build.0 = Debug|Any CPU
		{479353B2-B5B4-4541-9E6B-91AE25FABF4A}.Release|Any CPU.ActiveCfg = Release|Any CPU
		{479353B2-B5B4-4541-9E6B-91AE25FABF4A}.Release|Any CPU.Build.0 = Release|Any CPU
		{936E2799-F1B7-4C5B-9605-71F952425907}.Debug|Any CPU.ActiveCfg = Debug|Any CPU
		{936E2799-F1B7-4C5B-9605-71F952425907}.Debug|Any CPU.Build.0 = Debug|Any CPU
		{936E2799-F1B7-4C5B-9605-71F952425907}.Release|Any CPU.ActiveCfg = Release|Any CPU
		{936E2799-F1B7-4C5B-9605-71F952425907}.Release|Any CPU.Build.0 = Release|Any CPU
		{9F7620A0-3F32-4216-96D3-5813F80F3B7F}.Debug|Any CPU.ActiveCfg = Debug|Any CPU
		{9F7620A0-3F32-4216-96D3-5813F80F3B7F}.Debug|Any CPU.Build.0 = Debug|Any CPU
		{9F7620A0-3F32-4216-96D3-5813F80F3B7F}.Release|Any CPU.ActiveCfg = Release|Any CPU
		{9F7620A0-3F32-4216-96D3-5813F80F3B7F}.Release|Any CPU.Build.0 = Release|Any CPU
	EndGlobalSection
	GlobalSection(SolutionProperties) = preSolution
		HideSolutionNode = FALSE
	EndGlobalSection
	GlobalSection(NestedProjects) = preSolution
		{E8E3805C-50B3-4351-A393-BCECFEBAE6C9} = {520AABC0-E6CF-4D37-B3D7-92E809B45999}
		{A5B12781-A1EE-4F96-98D8-9A2365EE491E} = {520AABC0-E6CF-4D37-B3D7-92E809B45999}
		{45332CDA-5832-42BE-8113-326276C0A913} = {520AABC0-E6CF-4D37-B3D7-92E809B45999}
		{BDE1D144-7B12-4610-A57C-8A9A1298D363} = {8D0837E8-8941-4FB9-A891-5C758827B7BE}
		{FB207C9B-71D6-44E6-AF7A-C5F47DFAF9E0} = {8D0837E8-8941-4FB9-A891-5C758827B7BE}
		{E566743E-27A6-428A-9BB8-3C204712BC03} = {8D0837E8-8941-4FB9-A891-5C758827B7BE}
		{479353B2-B5B4-4541-9E6B-91AE25FABF4A} = {B2D0EF93-EBE6-4082-A894-EA13D7019148}
		{936E2799-F1B7-4C5B-9605-71F952425907} = {B2D0EF93-EBE6-4082-A894-EA13D7019148}
	EndGlobalSection
	GlobalSection(ExtensibilityGlobals) = postSolution
		SolutionGuid = {6799720D-3EA5-48CB-943E-AE5483821688}
	EndGlobalSection
EndGlobal
