
Microsoft Visual Studio Solution File, Format Version 12.00
# Visual Studio Version 17
VisualStudioVersion = 17.0.32014.148
MinimumVisualStudioVersion = 10.0.40219.1
Project("{FAE04EC0-301F-11D3-BF4B-00C04F79EFBC}") = "WinKlick", "WinKlick\WinKlick.csproj", "{193776BC-4A21-4CB1-BEE7-594051B4E599}"
EndProject
Global
	GlobalSection(SolutionConfigurationPlatforms) = preSolution
		Debug|Any CPU = Debug|Any CPU
		Release|Any CPU = Release|Any CPU
	EndGlobalSection
	GlobalSection(ProjectConfigurationPlatforms) = postSolution
		{193776BC-4A21-4CB1-BEE7-594051B4E599}.Debug|Any CPU.ActiveCfg = Debug|Any CPU
		{193776BC-4A21-4CB1-BEE7-594051B4E599}.Debug|Any CPU.Build.0 = Debug|Any CPU
		{193776BC-4A21-4CB1-BEE7-594051B4E599}.Release|Any CPU.ActiveCfg = Release|Any CPU
		{193776BC-4A21-4CB1-BEE7-594051B4E599}.Release|Any CPU.Build.0 = Release|Any CPU
	EndGlobalSection
	GlobalSection(SolutionProperties) = preSolution
		HideSolutionNode = FALSE
	EndGlobalSection
	GlobalSection(ExtensibilityGlobals) = postSolution
		SolutionGuid = {010A5DCD-C97B-40D7-B233-6833E58A6426}
	EndGlobalSection
EndGlobal
