
Microsoft Visual Studio Solution File, Format Version 12.00
# Visual Studio Version 16
VisualStudioVersion = 16.0.31624.102
MinimumVisualStudioVersion = 10.0.40219.1
Project("{FAE04EC0-301F-11D3-BF4B-00C04F79EFBC}") = "WinInput", "WinInput\WinInput.csproj", "{15E6CEDA-FD07-4FD2-A622-D5FB2311A346}"
EndProject
Global
	GlobalSection(SolutionConfigurationPlatforms) = preSolution
		Debug|Any CPU = Debug|Any CPU
		Release|Any CPU = Release|Any CPU
	EndGlobalSection
	GlobalSection(ProjectConfigurationPlatforms) = postSolution
		{15E6CEDA-FD07-4FD2-A622-D5FB2311A346}.Debug|Any CPU.ActiveCfg = Debug|Any CPU
		{15E6CEDA-FD07-4FD2-A622-D5FB2311A346}.Debug|Any CPU.Build.0 = Debug|Any CPU
		{15E6CEDA-FD07-4FD2-A622-D5FB2311A346}.Release|Any CPU.ActiveCfg = Release|Any CPU
		{15E6CEDA-FD07-4FD2-A622-D5FB2311A346}.Release|Any CPU.Build.0 = Release|Any CPU
	EndGlobalSection
	GlobalSection(SolutionProperties) = preSolution
		HideSolutionNode = FALSE
	EndGlobalSection
	GlobalSection(ExtensibilityGlobals) = postSolution
		SolutionGuid = {27ABEB84-8C01-43DA-A671-505B14BFA78E}
	EndGlobalSection
EndGlobal
