
Microsoft Visual Studio Solution File, Format Version 12.00
# Visual Studio Version 17
VisualStudioVersion = 17.0.31912.275
MinimumVisualStudioVersion = 10.0.40219.1
Project("{FAE04EC0-301F-11D3-BF4B-00C04F79EFBC}") = "WinDataSet", "WinDataSet.csproj", "{DFB40F07-7D11-470D-B0C6-FBF14534B654}"
EndProject
Global
	GlobalSection(SolutionConfigurationPlatforms) = preSolution
		Debug|Any CPU = Debug|Any CPU
		Release|Any CPU = Release|Any CPU
	EndGlobalSection
	GlobalSection(ProjectConfigurationPlatforms) = postSolution
		{DFB40F07-7D11-470D-B0C6-FBF14534B654}.Debug|Any CPU.ActiveCfg = Debug|Any CPU
		{DFB40F07-7D11-470D-B0C6-FBF14534B654}.Debug|Any CPU.Build.0 = Debug|Any CPU
		{DFB40F07-7D11-470D-B0C6-FBF14534B654}.Release|Any CPU.ActiveCfg = Release|Any CPU
		{DFB40F07-7D11-470D-B0C6-FBF14534B654}.Release|Any CPU.Build.0 = Release|Any CPU
	EndGlobalSection
	GlobalSection(SolutionProperties) = preSolution
		HideSolutionNode = FALSE
	EndGlobalSection
	GlobalSection(ExtensibilityGlobals) = postSolution
		SolutionGuid = {65AFC0DD-0B0B-4293-A02E-78E77128EB2A}
	EndGlobalSection
EndGlobal
