
Microsoft Visual Studio Solution File, Format Version 12.00
# Visual Studio Version 17
VisualStudioVersion = 17.0.31912.275
MinimumVisualStudioVersion = 10.0.40219.1
Project("{FAE04EC0-301F-11D3-BF4B-00C04F79EFBC}") = "WinSerPerson", "WinSerPerson\WinSerPerson.csproj", "{0D600BAC-AD66-4842-890A-E424477FDA00}"
EndProject
Global
	GlobalSection(SolutionConfigurationPlatforms) = preSolution
		Debug|Any CPU = Debug|Any CPU
		Release|Any CPU = Release|Any CPU
	EndGlobalSection
	GlobalSection(ProjectConfigurationPlatforms) = postSolution
		{0D600BAC-AD66-4842-890A-E424477FDA00}.Debug|Any CPU.ActiveCfg = Debug|Any CPU
		{0D600BAC-AD66-4842-890A-E424477FDA00}.Debug|Any CPU.Build.0 = Debug|Any CPU
		{0D600BAC-AD66-4842-890A-E424477FDA00}.Release|Any CPU.ActiveCfg = Release|Any CPU
		{0D600BAC-AD66-4842-890A-E424477FDA00}.Release|Any CPU.Build.0 = Release|Any CPU
	EndGlobalSection
	GlobalSection(SolutionProperties) = preSolution
		HideSolutionNode = FALSE
	EndGlobalSection
	GlobalSection(ExtensibilityGlobals) = postSolution
		SolutionGuid = {6E641124-A675-4ECA-884D-10C9B3539281}
	EndGlobalSection
EndGlobal
