
Microsoft Visual Studio Solution File, Format Version 12.00
# Visual Studio Version 16
VisualStudioVersion = 16.0.31729.503
MinimumVisualStudioVersion = 10.0.40219.1
Project("{FAE04EC0-301F-11D3-BF4B-00C04F79EFBC}") = "WpfApp1", "WpfApp1\WpfApp1.csproj", "{FD4CAE65-0AD2-4F3A-A829-2A2854E5B272}"
EndProject
Global
	GlobalSection(SolutionConfigurationPlatforms) = preSolution
		Debug|Any CPU = Debug|Any CPU
		Release|Any CPU = Release|Any CPU
	EndGlobalSection
	GlobalSection(ProjectConfigurationPlatforms) = postSolution
		{FD4CAE65-0AD2-4F3A-A829-2A2854E5B272}.Debug|Any CPU.ActiveCfg = Debug|Any CPU
		{FD4CAE65-0AD2-4F3A-A829-2A2854E5B272}.Debug|Any CPU.Build.0 = Debug|Any CPU
		{FD4CAE65-0AD2-4F3A-A829-2A2854E5B272}.Release|Any CPU.ActiveCfg = Release|Any CPU
		{FD4CAE65-0AD2-4F3A-A829-2A2854E5B272}.Release|Any CPU.Build.0 = Release|Any CPU
	EndGlobalSection
	GlobalSection(SolutionProperties) = preSolution
		HideSolutionNode = FALSE
	EndGlobalSection
	GlobalSection(ExtensibilityGlobals) = postSolution
		SolutionGuid = {EE2929AD-52D2-45EC-A320-78914B6D7EDA}
	EndGlobalSection
EndGlobal
