
Microsoft Visual Studio Solution File, Format Version 12.00
# Visual Studio Version 16
VisualStudioVersion = 16.0.31624.102
MinimumVisualStudioVersion = 10.0.40219.1
Project("{FAE04EC0-301F-11D3-BF4B-00C04F79EFBC}") = "WinKreisRechner", "WinKreisRechner\WinKreisRechner.csproj", "{BB461190-5A5E-4F7F-9BF5-3D438C8CCA19}"
EndProject
Global
	GlobalSection(SolutionConfigurationPlatforms) = preSolution
		Debug|Any CPU = Debug|Any CPU
		Release|Any CPU = Release|Any CPU
	EndGlobalSection
	GlobalSection(ProjectConfigurationPlatforms) = postSolution
		{BB461190-5A5E-4F7F-9BF5-3D438C8CCA19}.Debug|Any CPU.ActiveCfg = Debug|Any CPU
		{BB461190-5A5E-4F7F-9BF5-3D438C8CCA19}.Debug|Any CPU.Build.0 = Debug|Any CPU
		{BB461190-5A5E-4F7F-9BF5-3D438C8CCA19}.Release|Any CPU.ActiveCfg = Release|Any CPU
		{BB461190-5A5E-4F7F-9BF5-3D438C8CCA19}.Release|Any CPU.Build.0 = Release|Any CPU
	EndGlobalSection
	GlobalSection(SolutionProperties) = preSolution
		HideSolutionNode = FALSE
	EndGlobalSection
	GlobalSection(ExtensibilityGlobals) = postSolution
		SolutionGuid = {58A3D6C5-8274-4AE3-B125-3AAFE4CA95CC}
	EndGlobalSection
EndGlobal
