
Microsoft Visual Studio Solution File, Format Version 12.00
# Visual Studio Version 16
VisualStudioVersion = 16.0.31729.503
MinimumVisualStudioVersion = 10.0.40219.1
Project("{FAE04EC0-301F-11D3-BF4B-00C04F79EFBC}") = "WinFileIO", "WinFileIO\WinFileIO.csproj", "{73FA77ED-1F83-4789-8FC3-9CADF16DA241}"
EndProject
Global
	GlobalSection(SolutionConfigurationPlatforms) = preSolution
		Debug|Any CPU = Debug|Any CPU
		Release|Any CPU = Release|Any CPU
	EndGlobalSection
	GlobalSection(ProjectConfigurationPlatforms) = postSolution
		{73FA77ED-1F83-4789-8FC3-9CADF16DA241}.Debug|Any CPU.ActiveCfg = Debug|Any CPU
		{73FA77ED-1F83-4789-8FC3-9CADF16DA241}.Debug|Any CPU.Build.0 = Debug|Any CPU
		{73FA77ED-1F83-4789-8FC3-9CADF16DA241}.Release|Any CPU.ActiveCfg = Release|Any CPU
		{73FA77ED-1F83-4789-8FC3-9CADF16DA241}.Release|Any CPU.Build.0 = Release|Any CPU
	EndGlobalSection
	GlobalSection(SolutionProperties) = preSolution
		HideSolutionNode = FALSE
	EndGlobalSection
	GlobalSection(ExtensibilityGlobals) = postSolution
		SolutionGuid = {A6EC2DC0-6A04-4581-A054-AB066CA287C3}
	EndGlobalSection
EndGlobal
